
Microsoft Visual Studio Solution File, Format Version 12.00
# Visual Studio 15
VisualStudioVersion = 15.0.28307.2092
MinimumVisualStudioVersion = 10.0.40219.1
Project("{FAE04EC0-301F-11D3-BF4B-00C04F79EFBC}") = "Revista", "Revista\Revista.csproj", "{38D4436E-D559-45FD-B990-9D1B9CF65738}"
EndProject
Project("{FAE04EC0-301F-11D3-BF4B-00C04F79EFBC}") = "Entidad", "Entidad\Entidad.csproj", "{562B690B-3733-4989-AD0B-F8B9FB31D4DA}"
EndProject
Project("{FAE04EC0-301F-11D3-BF4B-00C04F79EFBC}") = "Persistencia", "Persistencia\Persistencia.csproj", "{572E07EF-0863-4637-849F-3CD16AF8E5FD}"
EndProject
Project("{FAE04EC0-301F-11D3-BF4B-00C04F79EFBC}") = "DbLibreria", "DbLibreria\DbLibreria.csproj", "{BEE4FC44-DD6A-42B1-9550-F11AF386EBF6}"
EndProject
Global
	GlobalSection(SolutionConfigurationPlatforms) = preSolution
		Debug|Any CPU = Debug|Any CPU
		Release|Any CPU = Release|Any CPU
	EndGlobalSection
	GlobalSection(ProjectConfigurationPlatforms) = postSolution
		{38D4436E-D559-45FD-B990-9D1B9CF65738}.Debug|Any CPU.ActiveCfg = Debug|Any CPU
		{38D4436E-D559-45FD-B990-9D1B9CF65738}.Debug|Any CPU.Build.0 = Debug|Any CPU
		{38D4436E-D559-45FD-B990-9D1B9CF65738}.Release|Any CPU.ActiveCfg = Release|Any CPU
		{38D4436E-D559-45FD-B990-9D1B9CF65738}.Release|Any CPU.Build.0 = Release|Any CPU
		{562B690B-3733-4989-AD0B-F8B9FB31D4DA}.Debug|Any CPU.ActiveCfg = Debug|Any CPU
		{562B690B-3733-4989-AD0B-F8B9FB31D4DA}.Debug|Any CPU.Build.0 = Debug|Any CPU
		{562B690B-3733-4989-AD0B-F8B9FB31D4DA}.Release|Any CPU.ActiveCfg = Release|Any CPU
		{562B690B-3733-4989-AD0B-F8B9FB31D4DA}.Release|Any CPU.Build.0 = Release|Any CPU
		{572E07EF-0863-4637-849F-3CD16AF8E5FD}.Debug|Any CPU.ActiveCfg = Debug|Any CPU
		{572E07EF-0863-4637-849F-3CD16AF8E5FD}.Debug|Any CPU.Build.0 = Debug|Any CPU
		{572E07EF-0863-4637-849F-3CD16AF8E5FD}.Release|Any CPU.ActiveCfg = Release|Any CPU
		{572E07EF-0863-4637-849F-3CD16AF8E5FD}.Release|Any CPU.Build.0 = Release|Any CPU
		{BEE4FC44-DD6A-42B1-9550-F11AF386EBF6}.Debug|Any CPU.ActiveCfg = Debug|Any CPU
		{BEE4FC44-DD6A-42B1-9550-F11AF386EBF6}.Debug|Any CPU.Build.0 = Debug|Any CPU
		{BEE4FC44-DD6A-42B1-9550-F11AF386EBF6}.Release|Any CPU.ActiveCfg = Release|Any CPU
		{BEE4FC44-DD6A-42B1-9550-F11AF386EBF6}.Release|Any CPU.Build.0 = Release|Any CPU
	EndGlobalSection
	GlobalSection(SolutionProperties) = preSolution
		HideSolutionNode = FALSE
	EndGlobalSection
	GlobalSection(ExtensibilityGlobals) = postSolution
		SolutionGuid = {D718B2FB-31CA-4063-9CE9-B09C94F69F2B}
	EndGlobalSection
EndGlobal
